<?xml version="1.0" encoding="utf-8"?>
<Project ToolsVersion="4.0" xmlns="http://schemas.microsoft.com/developer/msbuild/2003">
  <ItemGroup>
    <Filter Include="Source Files">
      <UniqueIdentifier>{4FC737F1-C7A5-4376-A066-2A32D752A2FF}</UniqueIdentifier>
      <Extensions>cpp;c;cc;cxx;def;odl;idl;hpj;bat;asm;asmx</Extensions>
    </Filter>
    <Filter Include="Header Files">
      <UniqueIdentifier>{93995380-89BD-4b04-88EB-625FBE52EBFB}</UniqueIdentifier>
      <Extensions>h;hh;hpp;hxx;hm;inl;inc;xsd</Extensions>
    </Filter>
    <Filter Include="Resource Files">
      <UniqueIdentifier>{67DA6AB6-F800-4c08-8B7A-83BB121AAD01}</UniqueIdentifier>
      <Extensions>rc;ico;cur;bmp;dlg;rc2;rct;bin;rgs;gif;jpg;jpeg;jpe;resx;tiff;tif;png;wav;mfcribbon-ms</Extensions>
    </Filter>
    <Filter Include="Header Files\Nodes">
      <UniqueIdentifier>{4c4acd75-8f95-49ad-850e-90ea7cd188aa}</UniqueIdentifier>
    </Filter>
    <Filter Include="Source Files\Nodes">
      <UniqueIdentifier>{c3c15314-b058-4edb-a950-c17309525a9b}</UniqueIdentifier>
    </Filter>
    <Filter Include="Header Files\Nodes\Abstract Nodes">
      <UniqueIdentifier>{6eede321-d10b-404a-b929-08381e917b61}</UniqueIdentifier>
    </Filter>
    <Filter Include="Source Files\Nodes\Abstract Nodes">
      <UniqueIdentifier>{d6f49dec-8692-4960-9e68-054e43cc0a2e}</UniqueIdentifier>
    </Filter>
    <Filter Include="Header Files\Companions">
      <UniqueIdentifier>{c122d4ab-0de3-4141-884d-5db8e48bda08}</UniqueIdentifier>
    </Filter>
    <Filter Include="Source Files\Companions">
      <UniqueIdentifier>{ae015baa-b77e-46d0-a520-a479c32a5cb7}</UniqueIdentifier>
    </Filter>
    <Filter Include="Header Files\Graphics">
      <UniqueIdentifier>{dd24be83-c0a6-401b-bf2d-6770fc1b0f30}</UniqueIdentifier>
    </Filter>
    <Filter Include="Source Files\Graphics">
      <UniqueIdentifier>{5caa7cac-7976-49fa-b3c3-25442abc7b9e}</UniqueIdentifier>
    </Filter>
    <Filter Include="Source Files\Nodes\Idle Branch">
      <UniqueIdentifier>{ee36caba-8eb5-4c27-8a79-8abedd39f980}</UniqueIdentifier>
    </Filter>
    <Filter Include="Source Files\Nodes\Injured Branch">
      <UniqueIdentifier>{9729bdbb-4d43-4e96-b970-20c047b1ba0b}</UniqueIdentifier>
    </Filter>
    <Filter Include="Header Files\Nodes\Idle branch">
      <UniqueIdentifier>{0a0fef8d-e19b-4d33-b442-75b36ac74f05}</UniqueIdentifier>
    </Filter>
    <Filter Include="Header Files\Nodes\Injured branch">
      <UniqueIdentifier>{797cf9c4-a17b-44c3-97a4-8471148047f8}</UniqueIdentifier>
    </Filter>
    <Filter Include="Header Files\Nodes\Attack Branch">
      <UniqueIdentifier>{f61b466a-6fec-4908-bec4-1d35b5768689}</UniqueIdentifier>
    </Filter>
  </ItemGroup>
  <ItemGroup>
    <Text Include="ReadMe.txt" />
  </ItemGroup>
  <ItemGroup>
    <ClInclude Include="stdafx.h">
      <Filter>Header Files</Filter>
    </ClInclude>
    <ClInclude Include="targetver.h">
      <Filter>Header Files</Filter>
    </ClInclude>
    <ClInclude Include="Resource.h">
      <Filter>Header Files</Filter>
    </ClInclude>
    <ClInclude Include="demo.h">
      <Filter>Header Files</Filter>
    </ClInclude>
    <ClInclude Include="Game.h">
      <Filter>Header Files</Filter>
    </ClInclude>
    <ClInclude Include="Node.h">
      <Filter>Header Files\Nodes\Abstract Nodes</Filter>
    </ClInclude>
    <ClInclude Include="CompositeNode.h">
      <Filter>Header Files\Nodes\Abstract Nodes</Filter>
    </ClInclude>
    <ClInclude Include="DecoratorNode.h">
      <Filter>Header Files\Nodes\Abstract Nodes</Filter>
    </ClInclude>
    <ClInclude Include="LeafNode.h">
      <Filter>Header Files\Nodes\Abstract Nodes</Filter>
    </ClInclude>
    <ClInclude Include="BranchManager.h">
      <Filter>Header Files</Filter>
    </ClInclude>
    <ClInclude Include="DeadBranch.h">
      <Filter>Header Files\Nodes</Filter>
    </ClInclude>
    <ClInclude Include="PlayerInput.h">
      <Filter>Header Files</Filter>
    </ClInclude>
    <ClInclude Include="Falcon.h">
      <Filter>Header Files\Companions</Filter>
    </ClInclude>
    <ClInclude Include="Companion.h">
      <Filter>Header Files\Companions</Filter>
    </ClInclude>
    <ClInclude Include="Mesh.h">
      <Filter>Header Files\Graphics</Filter>
    </ClInclude>
    <ClInclude Include="Shader.h">
      <Filter>Header Files\Graphics</Filter>
    </ClInclude>
    <ClInclude Include="Texture.h">
      <Filter>Header Files\Graphics</Filter>
    </ClInclude>
    <ClInclude Include="Vertex.h">
      <Filter>Header Files\Graphics</Filter>
    </ClInclude>
    <ClInclude Include="ErrorMessage.h">
      <Filter>Header Files\Graphics</Filter>
    </ClInclude>
    <ClInclude Include="SelectorNode.h">
      <Filter>Header Files\Nodes\Abstract Nodes</Filter>
    </ClInclude>
    <ClInclude Include="SequenceNode.h">
      <Filter>Header Files\Nodes\Abstract Nodes</Filter>
    </ClInclude>
    <ClInclude Include="Plane.h">
      <Filter>Header Files\Graphics</Filter>
    </ClInclude>
    <ClInclude Include="InitialisationError.h">
      <Filter>Header Files</Filter>
    </ClInclude>
    <ClInclude Include="HoodedNode.h">
      <Filter>Header Files\Nodes\Injured branch</Filter>
    </ClInclude>
    <ClInclude Include="InjuredBranch.h">
      <Filter>Header Files\Nodes\Injured branch</Filter>
    </ClInclude>
    <ClInclude Include="IdleBranch.h">
      <Filter>Header Files\Nodes\Idle branch</Filter>
    </ClInclude>
    <ClInclude Include="IdleRestingNode.h">
      <Filter>Header Files\Nodes\Idle branch</Filter>
    </ClInclude>
    <ClInclude Include="AttackBranch.h">
      <Filter>Header Files</Filter>
    </ClInclude>
  </ItemGroup>
  <ItemGroup>
    <ClCompile Include="stdafx.cpp">
      <Filter>Source Files</Filter>
    </ClCompile>
    <ClCompile Include="demo.cpp">
      <Filter>Source Files</Filter>
    </ClCompile>
    <ClCompile Include="Game.cpp">
      <Filter>Source Files</Filter>
    </ClCompile>
    <ClCompile Include="BranchManager.cpp">
      <Filter>Source Files</Filter>
    </ClCompile>
    <ClCompile Include="DeadBranch.cpp">
      <Filter>Source Files\Nodes</Filter>
    </ClCompile>
    <ClCompile Include="PlayerInput.cpp">
      <Filter>Source Files</Filter>
    </ClCompile>
    <ClCompile Include="CompositeNode.cpp">
      <Filter>Source Files\Nodes\Abstract Nodes</Filter>
    </ClCompile>
    <ClCompile Include="DecoratorNode.cpp">
      <Filter>Source Files\Nodes\Abstract Nodes</Filter>
    </ClCompile>
    <ClCompile Include="LeafNode.cpp">
      <Filter>Source Files\Nodes\Abstract Nodes</Filter>
    </ClCompile>
    <ClCompile Include="Node.cpp">
      <Filter>Source Files\Nodes\Abstract Nodes</Filter>
    </ClCompile>
    <ClCompile Include="Falcon.cpp">
      <Filter>Source Files\Companions</Filter>
    </ClCompile>
    <ClCompile Include="Companion.cpp">
      <Filter>Source Files\Companions</Filter>
    </ClCompile>
    <ClCompile Include="Vertex.cpp">
      <Filter>Source Files\Graphics</Filter>
    </ClCompile>
    <ClCompile Include="Texture.cpp">
      <Filter>Source Files\Graphics</Filter>
    </ClCompile>
    <ClCompile Include="Shader.cpp">
      <Filter>Source Files\Graphics</Filter>
    </ClCompile>
    <ClCompile Include="Mesh.cpp">
      <Filter>Source Files\Graphics</Filter>
    </ClCompile>
    <ClCompile Include="ErrorMessage.cpp">
      <Filter>Source Files\Graphics</Filter>
    </ClCompile>
    <ClCompile Include="SelectorNode.cpp">
      <Filter>Source Files\Nodes\Abstract Nodes</Filter>
    </ClCompile>
    <ClCompile Include="SequenceNode.cpp">
      <Filter>Source Files\Nodes\Abstract Nodes</Filter>
    </ClCompile>
    <ClCompile Include="Plane.cpp">
      <Filter>Source Files\Graphics</Filter>
    </ClCompile>
    <ClCompile Include="IdleBranch.cpp">
      <Filter>Source Files\Nodes\Idle Branch</Filter>
    </ClCompile>
    <ClCompile Include="IdleRestingNode.cpp">
      <Filter>Source Files\Nodes\Idle Branch</Filter>
    </ClCompile>
    <ClCompile Include="HoodedNode.cpp">
      <Filter>Source Files\Nodes\Injured Branch</Filter>
    </ClCompile>
    <ClCompile Include="InjuredBranch.cpp">
      <Filter>Source Files\Nodes\Injured Branch</Filter>
    </ClCompile>
    <ClCompile Include="InitialisationError.cpp">
      <Filter>Source Files</Filter>
    </ClCompile>
    <ClCompile Include="AttackBranch.cpp">
      <Filter>Source Files</Filter>
    </ClCompile>
  </ItemGroup>
  <ItemGroup>
    <ResourceCompile Include="demo.rc">
      <Filter>Resource Files</Filter>
    </ResourceCompile>
  </ItemGroup>
  <ItemGroup>
    <Image Include="small.ico">
      <Filter>Resource Files</Filter>
    </Image>
    <Image Include="demo.ico">
      <Filter>Resource Files</Filter>
    </Image>
  </ItemGroup>
  <ItemGroup>
    <None Include="fragment.glsl" />
    <None Include="vertex.glsl" />
  </ItemGroup>
</Project>